
Microsoft Visual Studio Solution File, Format Version 12.00
# Visual Studio Version 16
VisualStudioVersion = 16.0.30413.136
MinimumVisualStudioVersion = 10.0.40219.1
Project("{FAE04EC0-301F-11D3-BF4B-00C04F79EFBC}") = "Week3LogicalOperatorsOR", "Week3LogicalOperatorsOR\Week3LogicalOperatorsOR.csproj", "{3E98EEA3-236D-4170-B384-FBC8930183DA}"
EndProject
Project("{FAE04EC0-301F-11D3-BF4B-00C04F79EFBC}") = "Week3weekdays", "Week3weekdays\Week3weekdays.csproj", "{3EFDE387-D1FC-4E42-8243-E24BAFDFA385}"
EndProject
Project("{FAE04EC0-301F-11D3-BF4B-00C04F79EFBC}") = "Switch", "Switch\Switch.csproj", "{711AF87A-DAD1-40D6-9BB2-07D53B882D45}"
EndProject
Project("{FAE04EC0-301F-11D3-BF4B-00C04F79EFBC}") = "TestFeedBack", "TestFeedBack\TestFeedBack.csproj", "{413A764B-8FA0-4262-989D-554356041F30}"
EndProject
Global
	GlobalSection(SolutionConfigurationPlatforms) = preSolution
		Debug|Any CPU = Debug|Any CPU
		Release|Any CPU = Release|Any CPU
	EndGlobalSection
	GlobalSection(ProjectConfigurationPlatforms) = postSolution
		{3E98EEA3-236D-4170-B384-FBC8930183DA}.Debug|Any CPU.ActiveCfg = Debug|Any CPU
		{3E98EEA3-236D-4170-B384-FBC8930183DA}.Debug|Any CPU.Build.0 = Debug|Any CPU
		{3E98EEA3-236D-4170-B384-FBC8930183DA}.Release|Any CPU.ActiveCfg = Release|Any CPU
		{3E98EEA3-236D-4170-B384-FBC8930183DA}.Release|Any CPU.Build.0 = Release|Any CPU
		{3EFDE387-D1FC-4E42-8243-E24BAFDFA385}.Debug|Any CPU.ActiveCfg = Debug|Any CPU
		{3EFDE387-D1FC-4E42-8243-E24BAFDFA385}.Debug|Any CPU.Build.0 = Debug|Any CPU
		{3EFDE387-D1FC-4E42-8243-E24BAFDFA385}.Release|Any CPU.ActiveCfg = Release|Any CPU
		{3EFDE387-D1FC-4E42-8243-E24BAFDFA385}.Release|Any CPU.Build.0 = Release|Any CPU
		{711AF87A-DAD1-40D6-9BB2-07D53B882D45}.Debug|Any CPU.ActiveCfg = Debug|Any CPU
		{711AF87A-DAD1-40D6-9BB2-07D53B882D45}.Debug|Any CPU.Build.0 = Debug|Any CPU
		{711AF87A-DAD1-40D6-9BB2-07D53B882D45}.Release|Any CPU.ActiveCfg = Release|Any CPU
		{711AF87A-DAD1-40D6-9BB2-07D53B882D45}.Release|Any CPU.Build.0 = Release|Any CPU
		{413A764B-8FA0-4262-989D-554356041F30}.Debug|Any CPU.ActiveCfg = Debug|Any CPU
		{413A764B-8FA0-4262-989D-554356041F30}.Debug|Any CPU.Build.0 = Debug|Any CPU
		{413A764B-8FA0-4262-989D-554356041F30}.Release|Any CPU.ActiveCfg = Release|Any CPU
		{413A764B-8FA0-4262-989D-554356041F30}.Release|Any CPU.Build.0 = Release|Any CPU
	EndGlobalSection
	GlobalSection(SolutionProperties) = preSolution
		HideSolutionNode = FALSE
	EndGlobalSection
	GlobalSection(ExtensibilityGlobals) = postSolution
		SolutionGuid = {B650411A-6CC8-469F-86E1-C695E1CB2763}
	EndGlobalSection
EndGlobal
